
Microsoft Visual Studio Solution File, Format Version 11.00
# Visual Studio 2010
Project("{FAE04EC0-301F-11D3-BF4B-00C04F79EFBC}") = "NBeholder", "NBeholder\NBeholder.csproj", "{711813D7-B1C1-4527-A3A2-C8407818F874}"
EndProject
Project("{FAE04EC0-301F-11D3-BF4B-00C04F79EFBC}") = "NBeholderTests", "NBeholderTests\NBeholderTests.csproj", "{ED4CCC39-F980-4FFF-9B20-12857D171620}"
EndProject
Project("{FAE04EC0-301F-11D3-BF4B-00C04F79EFBC}") = "NBeholderWeb", "NBeholderWeb\NBeholderWeb.csproj", "{8C5335AE-8A5F-4F8A-BD05-3E9335691660}"
EndProject
Global
	GlobalSection(SolutionConfigurationPlatforms) = preSolution
		Debug|Any CPU = Debug|Any CPU
		Release|Any CPU = Release|Any CPU
	EndGlobalSection
	GlobalSection(ProjectConfigurationPlatforms) = postSolution
		{711813D7-B1C1-4527-A3A2-C8407818F874}.Debug|Any CPU.ActiveCfg = Debug|Any CPU
		{711813D7-B1C1-4527-A3A2-C8407818F874}.Debug|Any CPU.Build.0 = Debug|Any CPU
		{711813D7-B1C1-4527-A3A2-C8407818F874}.Release|Any CPU.ActiveCfg = Release|Any CPU
		{711813D7-B1C1-4527-A3A2-C8407818F874}.Release|Any CPU.Build.0 = Release|Any CPU
		{ED4CCC39-F980-4FFF-9B20-12857D171620}.Debug|Any CPU.ActiveCfg = Debug|Any CPU
		{ED4CCC39-F980-4FFF-9B20-12857D171620}.Debug|Any CPU.Build.0 = Debug|Any CPU
		{ED4CCC39-F980-4FFF-9B20-12857D171620}.Release|Any CPU.ActiveCfg = Release|Any CPU
		{ED4CCC39-F980-4FFF-9B20-12857D171620}.Release|Any CPU.Build.0 = Release|Any CPU
		{8C5335AE-8A5F-4F8A-BD05-3E9335691660}.Debug|Any CPU.ActiveCfg = Debug|Any CPU
		{8C5335AE-8A5F-4F8A-BD05-3E9335691660}.Debug|Any CPU.Build.0 = Debug|Any CPU
		{8C5335AE-8A5F-4F8A-BD05-3E9335691660}.Release|Any CPU.ActiveCfg = Release|Any CPU
		{8C5335AE-8A5F-4F8A-BD05-3E9335691660}.Release|Any CPU.Build.0 = Release|Any CPU
	EndGlobalSection
	GlobalSection(SolutionProperties) = preSolution
		HideSolutionNode = FALSE
	EndGlobalSection
EndGlobal
